
Microsoft Visual Studio Solution File, Format Version 12.00
# Visual Studio Version 17
VisualStudioVersion = 17.7.34024.191
MinimumVisualStudioVersion = 10.0.40219.1
Project("{9A19103F-16F7-4668-BE54-9A1E7A4F7556}") = "WeatherApi_Test", "WeatherApi.Test\WeatherApi_Test.csproj", "{5C98A6C6-3435-42E5-8E61-3C24B62669AD}"
EndProject
Project("{9A19103F-16F7-4668-BE54-9A1E7A4F7556}") = "WeatherApi.UI", "WeatherApi.UI\WeatherApi.UI.csproj", "{8E319CE2-1C31-448C-A6E7-EF312836DBDB}"
EndProject
Project("{9A19103F-16F7-4668-BE54-9A1E7A4F7556}") = "WeatherApi.DotNet.Application", "WeatherApi.DotNet.Application\WeatherApi.DotNet.Application.csproj", "{6AD634CF-2974-417D-AC7D-B87430F6D27C}"
EndProject
Project("{9A19103F-16F7-4668-BE54-9A1E7A4F7556}") = "WeatherApi.DotNet.Domain", "WeatherApi.DotNet.Domain\WeatherApi.DotNet.Domain.csproj", "{1C3834AB-F791-427B-AD5E-7CB482183C45}"
EndProject
Project("{9A19103F-16F7-4668-BE54-9A1E7A4F7556}") = "WeatherApi.DotNet.Repository", "WeatherApi.DotNet.Repository\WeatherApi.DotNet.Repository.csproj", "{EEFC4891-3929-4291-BBE3-8EA1554F69D1}"
EndProject
Project("{9A19103F-16F7-4668-BE54-9A1E7A4F7556}") = "WeatherApi.DotNet.Persistence", "WeatherApi.DotNet.Persistence\WeatherApi.DotNet.Persistence.csproj", "{F64FBB12-0369-4117-94A9-E5324B53BB7E}"
EndProject
Project("{2150E333-8FDC-42A3-9474-1A3956D46DE8}") = "Itens de Solução", "Itens de Solução", "{AF08B36C-9DDE-4AEC-B95C-7BD66DD3F85C}"
	ProjectSection(SolutionItems) = preProject
		.gitignore = .gitignore
	EndProjectSection
EndProject
Global
	GlobalSection(SolutionConfigurationPlatforms) = preSolution
		Debug|Any CPU = Debug|Any CPU
		Release|Any CPU = Release|Any CPU
	EndGlobalSection
	GlobalSection(ProjectConfigurationPlatforms) = postSolution
		{5C98A6C6-3435-42E5-8E61-3C24B62669AD}.Debug|Any CPU.ActiveCfg = Debug|Any CPU
		{5C98A6C6-3435-42E5-8E61-3C24B62669AD}.Debug|Any CPU.Build.0 = Debug|Any CPU
		{5C98A6C6-3435-42E5-8E61-3C24B62669AD}.Release|Any CPU.ActiveCfg = Release|Any CPU
		{5C98A6C6-3435-42E5-8E61-3C24B62669AD}.Release|Any CPU.Build.0 = Release|Any CPU
		{8E319CE2-1C31-448C-A6E7-EF312836DBDB}.Debug|Any CPU.ActiveCfg = Debug|Any CPU
		{8E319CE2-1C31-448C-A6E7-EF312836DBDB}.Debug|Any CPU.Build.0 = Debug|Any CPU
		{8E319CE2-1C31-448C-A6E7-EF312836DBDB}.Release|Any CPU.ActiveCfg = Release|Any CPU
		{8E319CE2-1C31-448C-A6E7-EF312836DBDB}.Release|Any CPU.Build.0 = Release|Any CPU
		{6AD634CF-2974-417D-AC7D-B87430F6D27C}.Debug|Any CPU.ActiveCfg = Debug|Any CPU
		{6AD634CF-2974-417D-AC7D-B87430F6D27C}.Debug|Any CPU.Build.0 = Debug|Any CPU
		{6AD634CF-2974-417D-AC7D-B87430F6D27C}.Release|Any CPU.ActiveCfg = Release|Any CPU
		{6AD634CF-2974-417D-AC7D-B87430F6D27C}.Release|Any CPU.Build.0 = Release|Any CPU
		{1C3834AB-F791-427B-AD5E-7CB482183C45}.Debug|Any CPU.ActiveCfg = Debug|Any CPU
		{1C3834AB-F791-427B-AD5E-7CB482183C45}.Debug|Any CPU.Build.0 = Debug|Any CPU
		{1C3834AB-F791-427B-AD5E-7CB482183C45}.Release|Any CPU.ActiveCfg = Release|Any CPU
		{1C3834AB-F791-427B-AD5E-7CB482183C45}.Release|Any CPU.Build.0 = Release|Any CPU
		{EEFC4891-3929-4291-BBE3-8EA1554F69D1}.Debug|Any CPU.ActiveCfg = Debug|Any CPU
		{EEFC4891-3929-4291-BBE3-8EA1554F69D1}.Debug|Any CPU.Build.0 = Debug|Any CPU
		{EEFC4891-3929-4291-BBE3-8EA1554F69D1}.Release|Any CPU.ActiveCfg = Release|Any CPU
		{EEFC4891-3929-4291-BBE3-8EA1554F69D1}.Release|Any CPU.Build.0 = Release|Any CPU
		{F64FBB12-0369-4117-94A9-E5324B53BB7E}.Debug|Any CPU.ActiveCfg = Debug|Any CPU
		{F64FBB12-0369-4117-94A9-E5324B53BB7E}.Debug|Any CPU.Build.0 = Debug|Any CPU
		{F64FBB12-0369-4117-94A9-E5324B53BB7E}.Release|Any CPU.ActiveCfg = Release|Any CPU
		{F64FBB12-0369-4117-94A9-E5324B53BB7E}.Release|Any CPU.Build.0 = Release|Any CPU
	EndGlobalSection
	GlobalSection(SolutionProperties) = preSolution
		HideSolutionNode = FALSE
	EndGlobalSection
	GlobalSection(ExtensibilityGlobals) = postSolution
		SolutionGuid = {EA06321C-EB34-4A70-9B5C-E05A3BC4A872}
	EndGlobalSection
EndGlobal
