
Microsoft Visual Studio Solution File, Format Version 12.00
# Visual Studio Version 17
VisualStudioVersion = 17.7.34024.191
MinimumVisualStudioVersion = 10.0.40219.1
Project("{9A19103F-16F7-4668-BE54-9A1E7A4F7556}") = "WeatherApi", "WeatherApi\WeatherApi.csproj", "{D007FA57-823C-4143-9140-902E4C60B271}"
EndProject
Project("{FAE04EC0-301F-11D3-BF4B-00C04F79EFBC}") = "WeatherApiTest", "WeatherApiTest\WeatherApiTest.csproj", "{839A86A8-12FE-4373-8BA1-6CA76E25656E}"
EndProject
Global
	GlobalSection(SolutionConfigurationPlatforms) = preSolution
		Debug|Any CPU = Debug|Any CPU
		Release|Any CPU = Release|Any CPU
	EndGlobalSection
	GlobalSection(ProjectConfigurationPlatforms) = postSolution
		{D007FA57-823C-4143-9140-902E4C60B271}.Debug|Any CPU.ActiveCfg = Debug|Any CPU
		{D007FA57-823C-4143-9140-902E4C60B271}.Debug|Any CPU.Build.0 = Debug|Any CPU
		{D007FA57-823C-4143-9140-902E4C60B271}.Release|Any CPU.ActiveCfg = Release|Any CPU
		{D007FA57-823C-4143-9140-902E4C60B271}.Release|Any CPU.Build.0 = Release|Any CPU
		{839A86A8-12FE-4373-8BA1-6CA76E25656E}.Debug|Any CPU.ActiveCfg = Debug|Any CPU
		{839A86A8-12FE-4373-8BA1-6CA76E25656E}.Debug|Any CPU.Build.0 = Debug|Any CPU
		{839A86A8-12FE-4373-8BA1-6CA76E25656E}.Release|Any CPU.ActiveCfg = Release|Any CPU
		{839A86A8-12FE-4373-8BA1-6CA76E25656E}.Release|Any CPU.Build.0 = Release|Any CPU
	EndGlobalSection
	GlobalSection(SolutionProperties) = preSolution
		HideSolutionNode = FALSE
	EndGlobalSection
	GlobalSection(ExtensibilityGlobals) = postSolution
		SolutionGuid = {EA06321C-EB34-4A70-9B5C-E05A3BC4A872}
	EndGlobalSection
EndGlobal
